{
    "_readme": [
        "This file locks the dependencies of your project to a known state",
        "Read more about it at https://getcomposer.org/doc/01-basic-usage.md#composer-lock-the-lock-file",
        "This file is @generated automatically"
    ],
    "hash": "3a87b75c159929af106aca1a0a0c193f",
    "content-hash": "0b06171fde8f49fe0bf13dc08f69674b",
    "packages": [
        {
            "name": "rmccue/requests",
            "version": "v1.6.1",
            "source": {
                "type": "git",
                "url": "https://github.com/rmccue/Requests.git",
                "reference": "6aac485666c2955077d77b796bbdd25f0013a4ea"
            },
            "dist": {
                "type": "zip",
                "url": "https://api.github.com/repos/rmccue/Requests/zipball/6aac485666c2955077d77b796bbdd25f0013a4ea",
                "reference": "6aac485666c2955077d77b796bbdd25f0013a4ea",
                "shasum": ""
            },
            "require": {
                "php": ">=5.2"
            },
            "require-dev": {
                "satooshi/php-coveralls": "dev-master"
            },
            "type": "library",
            "autoload": {
                "psr-0": {
                    "Requests": "library/"
                }
            },
            "notification-url": "https://packagist.org/downloads/",
            "license": [
                "ISC"
            ],
            "authors": [
                {
                    "name": "Ryan McCue",
                    "homepage": "http://ryanmccue.info"
                }
            ],
            "description": "A HTTP library written in PHP, for human beings.",
            "homepage": "http://github.com/rmccue/Requests",
            "keywords": [
                "curl",
                "fsockopen",
                "http",
                "idna",
                "ipv6",
                "iri",
                "sockets"
            ],
            "time": "2014-05-18 04:59:02"
        },
        {
            "name": "symfony/console",
            "version": "2.6.x-dev",
            "target-dir": "Symfony/Component/Console",
            "source": {
                "type": "git",
                "url": "https://github.com/symfony/console.git",
                "reference": "0e5e18ae09d3f5c06367759be940e9ed3f568359"
            },
            "dist": {
                "type": "zip",
                "url": "https://api.github.com/repos/symfony/console/zipball/0e5e18ae09d3f5c06367759be940e9ed3f568359",
                "reference": "0e5e18ae09d3f5c06367759be940e9ed3f568359",
                "shasum": ""
            },
            "require": {
                "php": ">=5.3.3"
            },
            "require-dev": {
                "psr/log": "~1.0",
                "symfony/event-dispatcher": "~2.1",
                "symfony/phpunit-bridge": "~2.7",
                "symfony/process": "~2.1"
            },
            "suggest": {
                "psr/log": "For using the console logger",
                "symfony/event-dispatcher": "",
                "symfony/process": ""
            },
            "type": "library",
            "extra": {
                "branch-alias": {
                    "dev-master": "2.6-dev"
                }
            },
            "autoload": {
                "psr-0": {
                    "Symfony\\Component\\Console\\": ""
                }
            },
            "notification-url": "https://packagist.org/downloads/",
            "license": [
                "MIT"
            ],
            "authors": [
                {
                    "name": "Fabien Potencier",
                    "email": "fabien@symfony.com"
                },
                {
                    "name": "Symfony Community",
                    "homepage": "https://symfony.com/contributors"
                }
            ],
            "description": "Symfony Console Component",
            "homepage": "https://symfony.com",
            "time": "2015-07-26 09:08:40"
        },
        {
            "name": "tokenly/api-client",
            "version": "v1.0.2",
            "source": {
                "type": "git",
                "url": "https://github.com/tokenly/api-client.git",
                "reference": "1afb1d2644696778e0fe7be87a28cfa25593cad2"
            },
            "dist": {
                "type": "zip",
                "url": "https://api.github.com/repos/tokenly/api-client/zipball/1afb1d2644696778e0fe7be87a28cfa25593cad2",
                "reference": "1afb1d2644696778e0fe7be87a28cfa25593cad2",
                "shasum": ""
            },
            "require": {
                "php": ">=5.5.0",
                "rmccue/requests": "^1.6",
                "tokenly/hmac-auth": "^1.0@dev"
            },
            "require-dev": {
                "phake/phake": "^2.3",
                "phpunit/phpunit": "~4"
            },
            "type": "library",
            "autoload": {
                "psr-4": {
                    "Tokenly\\APIClient\\": "src/"
                }
            },
            "notification-url": "https://packagist.org/downloads/",
            "license": [
                "MIT"
            ],
            "authors": [
                {
                    "name": "Devon Weller",
                    "email": "devon@tokenly.com",
                    "homepage": "http://tokenly.com"
                }
            ],
            "description": "A client to call Tokenly APIs",
            "keywords": [
                "api",
                "client",
                "tokenly"
            ],
            "time": "2016-04-05 11:54:52"
        },
        {
            "name": "tokenly/bvam-api-client",
            "version": "v0.0.3",
            "source": {
                "type": "git",
                "url": "https://github.com/tokenly/bvam-api-client.git",
                "reference": "04eebf628de7eeffdb2df8bba672c61353b2d416"
            },
            "dist": {
                "type": "zip",
                "url": "https://api.github.com/repos/tokenly/bvam-api-client/zipball/04eebf628de7eeffdb2df8bba672c61353b2d416",
                "reference": "04eebf628de7eeffdb2df8bba672c61353b2d416",
                "shasum": ""
            },
            "require": {
                "php": ">=5.5.0",
                "rmccue/requests": "^1.6",
                "tokenly/api-client": "^1"
            },
            "require-dev": {
                "phake/phake": "^2.3",
                "phpunit/phpunit": "~4"
            },
            "type": "library",
            "autoload": {
                "psr-4": {
                    "Tokenly\\BvamApiClient\\": "src/"
                }
            },
            "notification-url": "https://packagist.org/downloads/",
            "license": [
                "MIT"
            ],
            "authors": [
                {
                    "name": "Devon Weller",
                    "email": "devon@tokenly.com",
                    "homepage": "http://tokenly.com"
                }
            ],
            "description": "A client to call Tokenly BVAM APIs",
            "keywords": [
                "api",
                "bvam",
                "client",
                "tokenly"
            ],
            "time": "2016-09-15 00:45:56"
        },
        {
            "name": "tokenly/hmac-auth",
            "version": "v1.1.1",
            "source": {
                "type": "git",
                "url": "https://github.com/tokenly/hmac-auth.git",
                "reference": "4221c2ca98f40e16c0153641549784d67aee21ba"
            },
            "dist": {
                "type": "zip",
                "url": "https://api.github.com/repos/tokenly/hmac-auth/zipball/4221c2ca98f40e16c0153641549784d67aee21ba",
                "reference": "4221c2ca98f40e16c0153641549784d67aee21ba",
                "shasum": ""
            },
            "require": {
                "php": ">=5.5.0"
            },
            "require-dev": {
                "guzzlehttp/guzzle": "~6",
                "phpunit/phpunit": "~4",
                "symfony/http-foundation": "~2|~3"
            },
            "suggest": {
                "guzzlehttp/guzzle": "Use with Guzzle >= 6",
                "rmccue/requests": "Use with Requests >= 1.6",
                "symfony/http-foundation": "Used for signing HTTP requests"
            },
            "type": "library",
            "extra": {
                "branch-alias": {
                    "dev-master": "1.0.x-dev"
                }
            },
            "autoload": {
                "psr-4": {
                    "Tokenly\\HmacAuth\\": "src"
                }
            },
            "notification-url": "https://packagist.org/downloads/",
            "license": [
                "MIT"
            ],
            "authors": [
                {
                    "name": "Devon Weller",
                    "email": "devon@tokenly.com",
                    "homepage": "http://tokenly.com"
                }
            ],
            "description": "HMAC authentication for Tokenly APIs",
            "time": "2016-05-18 11:51:14"
        }
    ],
    "packages-dev": [],
    "aliases": [],
    "minimum-stability": "dev",
    "stability-flags": [],
    "prefer-stable": false,
    "prefer-lowest": false,
    "platform": [],
    "platform-dev": []
}
